// !$*UTF8*$!
{
	archiveVersion = 1;
	classes = {
	};
	objectVersion = 46;
	objects = {

/* Begin PBXBuildFile section */
		4C22EAD41B3347CE001535BA /* SystemConfiguration.framework in Frameworks */ = {isa = PBXBuildFile; fileRef = 6DA172D21B20512C00595CA0 /* SystemConfiguration.framework */; };
		4C22EAD51B3347D4001535BA /* MobileCoreServices.framework in Frameworks */ = {isa = PBXBuildFile; fileRef = 6DA172D01B20512C00595CA0 /* MobileCoreServices.framework */; };
		6D8BB3D71B2AD82D00F550B2 /* RestfulStack.m in Sources */ = {isa = PBXBuildFile; fileRef = 6D8BB3D21B2AD82D00F550B2 /* RestfulStack.m */; };
		6D8BB3D81B2AD82D00F550B2 /* PersistentStack.m in Sources */ = {isa = PBXBuildFile; fileRef = 6D8BB3D41B2AD82D00F550B2 /* PersistentStack.m */; };
		6D8BB3D91B2AD82D00F550B2 /* SidInUtils.m in Sources */ = {isa = PBXBuildFile; fileRef = 6D8BB3D61B2AD82D00F550B2 /* SidInUtils.m */; };
		6D8BB3DE1B2AD83800F550B2 /* SynchronizationService.m in Sources */ = {isa = PBXBuildFile; fileRef = 6D8BB3DB1B2AD83700F550B2 /* SynchronizationService.m */; };
		6D8BB3DF1B2AD83800F550B2 /* PersistentStoreManager.m in Sources */ = {isa = PBXBuildFile; fileRef = 6D8BB3DD1B2AD83700F550B2 /* PersistentStoreManager.m */; };
		6D8BB3F91B2AD8B800F550B2 /* EventEntityList.m in Sources */ = {isa = PBXBuildFile; fileRef = 6D8BB3E51B2AD8B800F550B2 /* EventEntityList.m */; };
		6D8BB3FB1B2AD8B800F550B2 /* ImageEntityList.m in Sources */ = {isa = PBXBuildFile; fileRef = 6D8BB3E91B2AD8B800F550B2 /* ImageEntityList.m */; };
		6D8BB3FE1B2AD8B800F550B2 /* SchoolEntityList.m in Sources */ = {isa = PBXBuildFile; fileRef = 6D8BB3EF1B2AD8B800F550B2 /* SchoolEntityList.m */; };
		6D8BB4011B2AD8B800F550B2 /* TeacherEntityList.m in Sources */ = {isa = PBXBuildFile; fileRef = 6D8BB3F51B2AD8B800F550B2 /* TeacherEntityList.m */; };
		6D8BB41A1B2AD8D900F550B2 /* Event.m in Sources */ = {isa = PBXBuildFile; fileRef = 6D8BB4051B2AD8D900F550B2 /* Event.m */; };
		6D8BB41B1B2AD8D900F550B2 /* EventList.m in Sources */ = {isa = PBXBuildFile; fileRef = 6D8BB4071B2AD8D900F550B2 /* EventList.m */; };
		6D8BB41C1B2AD8D900F550B2 /* Image.m in Sources */ = {isa = PBXBuildFile; fileRef = 6D8BB4091B2AD8D900F550B2 /* Image.m */; };
		6D8BB41D1B2AD8D900F550B2 /* ImageList.m in Sources */ = {isa = PBXBuildFile; fileRef = 6D8BB40B1B2AD8D900F550B2 /* ImageList.m */; };
		6D8BB41E1B2AD8D900F550B2 /* Interests.m in Sources */ = {isa = PBXBuildFile; fileRef = 6D8BB40D1B2AD8D900F550B2 /* Interests.m */; };
		6D8BB41F1B2AD8D900F550B2 /* School.m in Sources */ = {isa = PBXBuildFile; fileRef = 6D8BB40F1B2AD8D900F550B2 /* School.m */; };
		6D8BB4201B2AD8D900F550B2 /* SchoolList.m in Sources */ = {isa = PBXBuildFile; fileRef = 6D8BB4111B2AD8D900F550B2 /* SchoolList.m */; };
		6D8BB4211B2AD8D900F550B2 /* Subscription.m in Sources */ = {isa = PBXBuildFile; fileRef = 6D8BB4131B2AD8D900F550B2 /* Subscription.m */; };
		6D8BB4221B2AD8D900F550B2 /* SubscriptionList.m in Sources */ = {isa = PBXBuildFile; fileRef = 6D8BB4151B2AD8D900F550B2 /* SubscriptionList.m */; };
		6D8BB4231B2AD8D900F550B2 /* Teacher.m in Sources */ = {isa = PBXBuildFile; fileRef = 6D8BB4171B2AD8D900F550B2 /* Teacher.m */; };
		6D8BB4241B2AD8D900F550B2 /* TeacherList.m in Sources */ = {isa = PBXBuildFile; fileRef = 6D8BB4191B2AD8D900F550B2 /* TeacherList.m */; };
		6D8BB4281B2AD8EF00F550B2 /* Sid-InApp.xcdatamodeld in Sources */ = {isa = PBXBuildFile; fileRef = 6D8BB4261B2AD8EF00F550B2 /* Sid-InApp.xcdatamodeld */; };
		6D8BB42B1B2ADB3E00F550B2 /* EventEntity.m in Sources */ = {isa = PBXBuildFile; fileRef = 6D8BB42A1B2ADB3E00F550B2 /* EventEntity.m */; };
		6D8BB42E1B2ADB5600F550B2 /* ImageEntity.m in Sources */ = {isa = PBXBuildFile; fileRef = 6D8BB42D1B2ADB5600F550B2 /* ImageEntity.m */; };
		6D8BB4311B2ADB5700F550B2 /* SchoolEntity.m in Sources */ = {isa = PBXBuildFile; fileRef = 6D8BB4301B2ADB5700F550B2 /* SchoolEntity.m */; };
		6D8BB4341B2ADB5700F550B2 /* TeacherEntity.m in Sources */ = {isa = PBXBuildFile; fileRef = 6D8BB4331B2ADB5700F550B2 /* TeacherEntity.m */; };
		6D8BB4371B2ADB5700F550B2 /* InterestsEntity.m in Sources */ = {isa = PBXBuildFile; fileRef = 6D8BB4361B2ADB5700F550B2 /* InterestsEntity.m */; };
		6D8BB43A1B2AE31E00F550B2 /* SubscriptionEntityList.m in Sources */ = {isa = PBXBuildFile; fileRef = 6D8BB4391B2AE31E00F550B2 /* SubscriptionEntityList.m */; };
		6DA172CD1B2050F400595CA0 /* libRestKit.a in Frameworks */ = {isa = PBXBuildFile; fileRef = 6DA172C41B204FEE00595CA0 /* libRestKit.a */; };
		6DA172D31B20512D00595CA0 /* CFNetwork.framework in Frameworks */ = {isa = PBXBuildFile; fileRef = 6DA172CE1B20512C00595CA0 /* CFNetwork.framework */; };
		6DA172D41B20512D00595CA0 /* CoreData.framework in Frameworks */ = {isa = PBXBuildFile; fileRef = 6DA172CF1B20512C00595CA0 /* CoreData.framework */; };
		6DA172D61B20512D00595CA0 /* Security.framework in Frameworks */ = {isa = PBXBuildFile; fileRef = 6DA172D11B20512C00595CA0 /* Security.framework */; };
		6DA173031B20592100595CA0 /* bg_depcode.jpg in Resources */ = {isa = PBXBuildFile; fileRef = 6DA173001B20592100595CA0 /* bg_depcode.jpg */; };
		6DA173041B20592100595CA0 /* bg_checkin.jpg in Resources */ = {isa = PBXBuildFile; fileRef = 6DA173011B20592100595CA0 /* bg_checkin.jpg */; };
		6DA173051B20592100595CA0 /* logoErasmus.png in Resources */ = {isa = PBXBuildFile; fileRef = 6DA173021B20592100595CA0 /* logoErasmus.png */; };
		6DA173081B206A8C00595CA0 /* DepartementViewController.m in Sources */ = {isa = PBXBuildFile; fileRef = 6DA173071B206A8C00595CA0 /* DepartementViewController.m */; };
		6DA1730B1B20772F00595CA0 /* LoginViewController.m in Sources */ = {isa = PBXBuildFile; fileRef = 6DA1730A1B20772F00595CA0 /* LoginViewController.m */; };
		6DA173141B208EFF00595CA0 /* StudentCheckInViewController.m in Sources */ = {isa = PBXBuildFile; fileRef = 6DA173131B208EFF00595CA0 /* StudentCheckInViewController.m */; };
		6DA173171B208F0D00595CA0 /* StudentFormViewController.m in Sources */ = {isa = PBXBuildFile; fileRef = 6DA173161B208F0D00595CA0 /* StudentFormViewController.m */; };
		6DFC4ABD1B204D10009EE68E /* main.m in Sources */ = {isa = PBXBuildFile; fileRef = 6DFC4ABC1B204D10009EE68E /* main.m */; };
		6DFC4AC01B204D10009EE68E /* AppDelegate.m in Sources */ = {isa = PBXBuildFile; fileRef = 6DFC4ABF1B204D10009EE68E /* AppDelegate.m */; };
		6DFC4AD71B204D10009EE68E /* Sid_InAppTests.m in Sources */ = {isa = PBXBuildFile; fileRef = 6DFC4AD61B204D10009EE68E /* Sid_InAppTests.m */; };
		6F1E452D1B28388100458A39 /* SchoolTableViewController.m in Sources */ = {isa = PBXBuildFile; fileRef = 6F1E452C1B28388100458A39 /* SchoolTableViewController.m */; };
		6F702DDB1B34051C00724ED0 /* LaunchScreen.xib in Resources */ = {isa = PBXBuildFile; fileRef = 6F702DDA1B34051C00724ED0 /* LaunchScreen.xib */; };
		6F7114BE1B3050A70001EA63 /* MapViewController.m in Sources */ = {isa = PBXBuildFile; fileRef = 6F7114BD1B3050A70001EA63 /* MapViewController.m */; };
		6F7A15801B26E8E700ED455A /* GTMBAse64.m in Sources */ = {isa = PBXBuildFile; fileRef = 6F7A157E1B26E8E700ED455A /* GTMBAse64.m */; };
		6F7A158E1B27097800ED455A /* CarouselViewController.m in Sources */ = {isa = PBXBuildFile; fileRef = 6F7A158D1B27097800ED455A /* CarouselViewController.m */; };
		6F87DA631B32F6310067640E /* RestEntity.m in Sources */ = {isa = PBXBuildFile; fileRef = 6F87DA621B32F6310067640E /* RestEntity.m */; };
		6F87DA6D1B32F9280067640E /* AppStart.m in Sources */ = {isa = PBXBuildFile; fileRef = 6F87DA661B32F9280067640E /* AppStart.m */; };
		6F87DA701B32F9280067640E /* ImageVersionEntity.m in Sources */ = {isa = PBXBuildFile; fileRef = 6F87DA6C1B32F9280067640E /* ImageVersionEntity.m */; };
		6F87DA781B32FC0D0067640E /* Main.storyboard in Resources */ = {isa = PBXBuildFile; fileRef = 6F87DA751B32FC0D0067640E /* Main.storyboard */; };
		6F87DA7F1B32FC2F0067640E /* Images.xcassets in Resources */ = {isa = PBXBuildFile; fileRef = 6F87DA7E1B32FC2F0067640E /* Images.xcassets */; };
		6F87DA8D1B3303CA0067640E /* SubscriptionEntity.m in Sources */ = {isa = PBXBuildFile; fileRef = 6F87DA8C1B3303CA0067640E /* SubscriptionEntity.m */; };
/* End PBXBuildFile section */

/* Begin PBXContainerItemProxy section */
		6DA172C31B204FEE00595CA0 /* PBXContainerItemProxy */ = {
			isa = PBXContainerItemProxy;
			containerPortal = 6DA172BC1B204FEE00595CA0 /* RestKit.xcodeproj */;
			proxyType = 2;
			remoteGlobalIDString = 25160D1614564E810060A5C5;
			remoteInfo = RestKit;
		};
		6DA172C51B204FEE00595CA0 /* PBXContainerItemProxy */ = {
			isa = PBXContainerItemProxy;
			containerPortal = 6DA172BC1B204FEE00595CA0 /* RestKit.xcodeproj */;
			proxyType = 2;
			remoteGlobalIDString = 25160D2614564E820060A5C5;
			remoteInfo = RestKitTests;
		};
		6DA172C71B204FEE00595CA0 /* PBXContainerItemProxy */ = {
			isa = PBXContainerItemProxy;
			containerPortal = 6DA172BC1B204FEE00595CA0 /* RestKit.xcodeproj */;
			proxyType = 2;
			remoteGlobalIDString = 25160E62145651060060A5C5;
			remoteInfo = RestKitFramework;
		};
		6DA172C91B204FEE00595CA0 /* PBXContainerItemProxy */ = {
			isa = PBXContainerItemProxy;
			containerPortal = 6DA172BC1B204FEE00595CA0 /* RestKit.xcodeproj */;
			proxyType = 2;
			remoteGlobalIDString = 25160E78145651060060A5C5;
			remoteInfo = RestKitFrameworkTests;
		};
		6DA172CB1B2050B900595CA0 /* PBXContainerItemProxy */ = {
			isa = PBXContainerItemProxy;
			containerPortal = 6DA172BC1B204FEE00595CA0 /* RestKit.xcodeproj */;
			proxyType = 1;
			remoteGlobalIDString = 25160D1514564E810060A5C5;
			remoteInfo = RestKit;
		};
		6DFC4AD11B204D10009EE68E /* PBXContainerItemProxy */ = {
			isa = PBXContainerItemProxy;
			containerPortal = 6DFC4AAF1B204D10009EE68E /* Project object */;
			proxyType = 1;
			remoteGlobalIDString = 6DFC4AB61B204D10009EE68E;
			remoteInfo = "Sid-InApp";
		};
/* End PBXContainerItemProxy section */

/* Begin PBXFileReference section */
		6D8BB3D01B2AD81600F550B2 /* Dao.h */ = {isa = PBXFileReference; lastKnownFileType = sourcecode.c.h; path = Dao.h; sourceTree = "<group>"; };
		6D8BB3D11B2AD82D00F550B2 /* RestfulStack.h */ = {isa = PBXFileReference; fileEncoding = 4; lastKnownFileType = sourcecode.c.h; path = RestfulStack.h; sourceTree = "<group>"; };
		6D8BB3D21B2AD82D00F550B2 /* RestfulStack.m */ = {isa = PBXFileReference; fileEncoding = 4; lastKnownFileType = sourcecode.c.objc; path = RestfulStack.m; sourceTree = "<group>"; };
		6D8BB3D31B2AD82D00F550B2 /* PersistentStack.h */ = {isa = PBXFileReference; fileEncoding = 4; lastKnownFileType = sourcecode.c.h; path = PersistentStack.h; sourceTree = "<group>"; };
		6D8BB3D41B2AD82D00F550B2 /* PersistentStack.m */ = {isa = PBXFileReference; fileEncoding = 4; lastKnownFileType = sourcecode.c.objc; path = PersistentStack.m; sourceTree = "<group>"; };
		6D8BB3D51B2AD82D00F550B2 /* SidInUtils.h */ = {isa = PBXFileReference; fileEncoding = 4; lastKnownFileType = sourcecode.c.h; path = SidInUtils.h; sourceTree = "<group>"; };
		6D8BB3D61B2AD82D00F550B2 /* SidInUtils.m */ = {isa = PBXFileReference; fileEncoding = 4; lastKnownFileType = sourcecode.c.objc; path = SidInUtils.m; sourceTree = "<group>"; };
		6D8BB3DA1B2AD83700F550B2 /* SynchronizationService.h */ = {isa = PBXFileReference; fileEncoding = 4; lastKnownFileType = sourcecode.c.h; path = SynchronizationService.h; sourceTree = "<group>"; };
		6D8BB3DB1B2AD83700F550B2 /* SynchronizationService.m */ = {isa = PBXFileReference; fileEncoding = 4; lastKnownFileType = sourcecode.c.objc; path = SynchronizationService.m; sourceTree = "<group>"; };
		6D8BB3DC1B2AD83700F550B2 /* PersistentStoreManager.h */ = {isa = PBXFileReference; fileEncoding = 4; lastKnownFileType = sourcecode.c.h; path = PersistentStoreManager.h; sourceTree = "<group>"; };
		6D8BB3DD1B2AD83700F550B2 /* PersistentStoreManager.m */ = {isa = PBXFileReference; fileEncoding = 4; lastKnownFileType = sourcecode.c.objc; path = PersistentStoreManager.m; sourceTree = "<group>"; };
		6D8BB3E01B2AD85F00F550B2 /* ModelMapping.h */ = {isa = PBXFileReference; lastKnownFileType = sourcecode.c.h; path = ModelMapping.h; sourceTree = "<group>"; };
		6D8BB3E41B2AD8B800F550B2 /* EventEntityList.h */ = {isa = PBXFileReference; fileEncoding = 4; lastKnownFileType = sourcecode.c.h; path = EventEntityList.h; sourceTree = "<group>"; };
		6D8BB3E51B2AD8B800F550B2 /* EventEntityList.m */ = {isa = PBXFileReference; fileEncoding = 4; lastKnownFileType = sourcecode.c.objc; path = EventEntityList.m; sourceTree = "<group>"; };
		6D8BB3E81B2AD8B800F550B2 /* ImageEntityList.h */ = {isa = PBXFileReference; fileEncoding = 4; lastKnownFileType = sourcecode.c.h; path = ImageEntityList.h; sourceTree = "<group>"; };
		6D8BB3E91B2AD8B800F550B2 /* ImageEntityList.m */ = {isa = PBXFileReference; fileEncoding = 4; lastKnownFileType = sourcecode.c.objc; path = ImageEntityList.m; sourceTree = "<group>"; };
		6D8BB3EE1B2AD8B800F550B2 /* SchoolEntityList.h */ = {isa = PBXFileReference; fileEncoding = 4; lastKnownFileType = sourcecode.c.h; path = SchoolEntityList.h; sourceTree = "<group>"; };
		6D8BB3EF1B2AD8B800F550B2 /* SchoolEntityList.m */ = {isa = PBXFileReference; fileEncoding = 4; lastKnownFileType = sourcecode.c.objc; path = SchoolEntityList.m; sourceTree = "<group>"; };
		6D8BB3F41B2AD8B800F550B2 /* TeacherEntityList.h */ = {isa = PBXFileReference; fileEncoding = 4; lastKnownFileType = sourcecode.c.h; path = TeacherEntityList.h; sourceTree = "<group>"; };
		6D8BB3F51B2AD8B800F550B2 /* TeacherEntityList.m */ = {isa = PBXFileReference; fileEncoding = 4; lastKnownFileType = sourcecode.c.objc; path = TeacherEntityList.m; sourceTree = "<group>"; };
		6D8BB4041B2AD8D900F550B2 /* Event.h */ = {isa = PBXFileReference; fileEncoding = 4; lastKnownFileType = sourcecode.c.h; path = Event.h; sourceTree = "<group>"; };
		6D8BB4051B2AD8D900F550B2 /* Event.m */ = {isa = PBXFileReference; fileEncoding = 4; lastKnownFileType = sourcecode.c.objc; path = Event.m; sourceTree = "<group>"; };
		6D8BB4061B2AD8D900F550B2 /* EventList.h */ = {isa = PBXFileReference; fileEncoding = 4; lastKnownFileType = sourcecode.c.h; path = EventList.h; sourceTree = "<group>"; };
		6D8BB4071B2AD8D900F550B2 /* EventList.m */ = {isa = PBXFileReference; fileEncoding = 4; lastKnownFileType = sourcecode.c.objc; path = EventList.m; sourceTree = "<group>"; };
		6D8BB4081B2AD8D900F550B2 /* Image.h */ = {isa = PBXFileReference; fileEncoding = 4; lastKnownFileType = sourcecode.c.h; path = Image.h; sourceTree = "<group>"; };
		6D8BB4091B2AD8D900F550B2 /* Image.m */ = {isa = PBXFileReference; fileEncoding = 4; lastKnownFileType = sourcecode.c.objc; path = Image.m; sourceTree = "<group>"; };
		6D8BB40A1B2AD8D900F550B2 /* ImageList.h */ = {isa = PBXFileReference; fileEncoding = 4; lastKnownFileType = sourcecode.c.h; path = ImageList.h; sourceTree = "<group>"; };
		6D8BB40B1B2AD8D900F550B2 /* ImageList.m */ = {isa = PBXFileReference; fileEncoding = 4; lastKnownFileType = sourcecode.c.objc; path = ImageList.m; sourceTree = "<group>"; };
		6D8BB40C1B2AD8D900F550B2 /* Interests.h */ = {isa = PBXFileReference; fileEncoding = 4; lastKnownFileType = sourcecode.c.h; path = Interests.h; sourceTree = "<group>"; };
		6D8BB40D1B2AD8D900F550B2 /* Interests.m */ = {isa = PBXFileReference; fileEncoding = 4; lastKnownFileType = sourcecode.c.objc; path = Interests.m; sourceTree = "<group>"; };
		6D8BB40E1B2AD8D900F550B2 /* School.h */ = {isa = PBXFileReference; fileEncoding = 4; lastKnownFileType = sourcecode.c.h; path = School.h; sourceTree = "<group>"; };
		6D8BB40F1B2AD8D900F550B2 /* School.m */ = {isa = PBXFileReference; fileEncoding = 4; lastKnownFileType = sourcecode.c.objc; path = School.m; sourceTree = "<group>"; };
		6D8BB4101B2AD8D900F550B2 /* SchoolList.h */ = {isa = PBXFileReference; fileEncoding = 4; lastKnownFileType = sourcecode.c.h; path = SchoolList.h; sourceTree = "<group>"; };
		6D8BB4111B2AD8D900F550B2 /* SchoolList.m */ = {isa = PBXFileReference; fileEncoding = 4; lastKnownFileType = sourcecode.c.objc; path = SchoolList.m; sourceTree = "<group>"; };
		6D8BB4121B2AD8D900F550B2 /* Subscription.h */ = {isa = PBXFileReference; fileEncoding = 4; lastKnownFileType = sourcecode.c.h; path = Subscription.h; sourceTree = "<group>"; };
		6D8BB4131B2AD8D900F550B2 /* Subscription.m */ = {isa = PBXFileReference; fileEncoding = 4; lastKnownFileType = sourcecode.c.objc; path = Subscription.m; sourceTree = "<group>"; };
		6D8BB4141B2AD8D900F550B2 /* SubscriptionList.h */ = {isa = PBXFileReference; fileEncoding = 4; lastKnownFileType = sourcecode.c.h; path = SubscriptionList.h; sourceTree = "<group>"; };
		6D8BB4151B2AD8D900F550B2 /* SubscriptionList.m */ = {isa = PBXFileReference; fileEncoding = 4; lastKnownFileType = sourcecode.c.objc; path = SubscriptionList.m; sourceTree = "<group>"; };
		6D8BB4161B2AD8D900F550B2 /* Teacher.h */ = {isa = PBXFileReference; fileEncoding = 4; lastKnownFileType = sourcecode.c.h; path = Teacher.h; sourceTree = "<group>"; };
		6D8BB4171B2AD8D900F550B2 /* Teacher.m */ = {isa = PBXFileReference; fileEncoding = 4; lastKnownFileType = sourcecode.c.objc; path = Teacher.m; sourceTree = "<group>"; };
		6D8BB4181B2AD8D900F550B2 /* TeacherList.h */ = {isa = PBXFileReference; fileEncoding = 4; lastKnownFileType = sourcecode.c.h; path = TeacherList.h; sourceTree = "<group>"; };
		6D8BB4191B2AD8D900F550B2 /* TeacherList.m */ = {isa = PBXFileReference; fileEncoding = 4; lastKnownFileType = sourcecode.c.objc; path = TeacherList.m; sourceTree = "<group>"; };
		6D8BB4271B2AD8EF00F550B2 /* Sid-InApp.xcdatamodel */ = {isa = PBXFileReference; lastKnownFileType = wrapper.xcdatamodel; path = "Sid-InApp.xcdatamodel"; sourceTree = "<group>"; };
		6D8BB4291B2ADB3E00F550B2 /* EventEntity.h */ = {isa = PBXFileReference; fileEncoding = 4; lastKnownFileType = sourcecode.c.h; path = EventEntity.h; sourceTree = "<group>"; };
		6D8BB42A1B2ADB3E00F550B2 /* EventEntity.m */ = {isa = PBXFileReference; fileEncoding = 4; lastKnownFileType = sourcecode.c.objc; path = EventEntity.m; sourceTree = "<group>"; };
		6D8BB42C1B2ADB5600F550B2 /* ImageEntity.h */ = {isa = PBXFileReference; fileEncoding = 4; lastKnownFileType = sourcecode.c.h; path = ImageEntity.h; sourceTree = "<group>"; };
		6D8BB42D1B2ADB5600F550B2 /* ImageEntity.m */ = {isa = PBXFileReference; fileEncoding = 4; lastKnownFileType = sourcecode.c.objc; path = ImageEntity.m; sourceTree = "<group>"; };
		6D8BB42F1B2ADB5700F550B2 /* SchoolEntity.h */ = {isa = PBXFileReference; fileEncoding = 4; lastKnownFileType = sourcecode.c.h; path = SchoolEntity.h; sourceTree = "<group>"; };
		6D8BB4301B2ADB5700F550B2 /* SchoolEntity.m */ = {isa = PBXFileReference; fileEncoding = 4; lastKnownFileType = sourcecode.c.objc; path = SchoolEntity.m; sourceTree = "<group>"; };
		6D8BB4321B2ADB5700F550B2 /* TeacherEntity.h */ = {isa = PBXFileReference; fileEncoding = 4; lastKnownFileType = sourcecode.c.h; path = TeacherEntity.h; sourceTree = "<group>"; };
		6D8BB4331B2ADB5700F550B2 /* TeacherEntity.m */ = {isa = PBXFileReference; fileEncoding = 4; lastKnownFileType = sourcecode.c.objc; path = TeacherEntity.m; sourceTree = "<group>"; };
		6D8BB4351B2ADB5700F550B2 /* InterestsEntity.h */ = {isa = PBXFileReference; fileEncoding = 4; lastKnownFileType = sourcecode.c.h; path = InterestsEntity.h; sourceTree = "<group>"; };
		6D8BB4361B2ADB5700F550B2 /* InterestsEntity.m */ = {isa = PBXFileReference; fileEncoding = 4; lastKnownFileType = sourcecode.c.objc; path = InterestsEntity.m; sourceTree = "<group>"; };
		6D8BB4381B2AE31E00F550B2 /* SubscriptionEntityList.h */ = {isa = PBXFileReference; fileEncoding = 4; lastKnownFileType = sourcecode.c.h; path = SubscriptionEntityList.h; sourceTree = "<group>"; };
		6D8BB4391B2AE31E00F550B2 /* SubscriptionEntityList.m */ = {isa = PBXFileReference; fileEncoding = 4; lastKnownFileType = sourcecode.c.objc; path = SubscriptionEntityList.m; sourceTree = "<group>"; };
		6D8BDC681B31985D009401E6 /* SynchronizationObserver.h */ = {isa = PBXFileReference; lastKnownFileType = sourcecode.c.h; path = SynchronizationObserver.h; sourceTree = "<group>"; };
		6DA172BC1B204FEE00595CA0 /* RestKit.xcodeproj */ = {isa = PBXFileReference; lastKnownFileType = "wrapper.pb-project"; name = RestKit.xcodeproj; path = RestKit/RestKit.xcodeproj; sourceTree = "<group>"; };
		6DA172CE1B20512C00595CA0 /* CFNetwork.framework */ = {isa = PBXFileReference; lastKnownFileType = wrapper.framework; name = CFNetwork.framework; path = System/Library/Frameworks/CFNetwork.framework; sourceTree = SDKROOT; };
		6DA172CF1B20512C00595CA0 /* CoreData.framework */ = {isa = PBXFileReference; lastKnownFileType = wrapper.framework; name = CoreData.framework; path = System/Library/Frameworks/CoreData.framework; sourceTree = SDKROOT; };
		6DA172D01B20512C00595CA0 /* MobileCoreServices.framework */ = {isa = PBXFileReference; lastKnownFileType = wrapper.framework; name = MobileCoreServices.framework; path = System/Library/Frameworks/MobileCoreServices.framework; sourceTree = SDKROOT; };
		6DA172D11B20512C00595CA0 /* Security.framework */ = {isa = PBXFileReference; lastKnownFileType = wrapper.framework; name = Security.framework; path = System/Library/Frameworks/Security.framework; sourceTree = SDKROOT; };
		6DA172D21B20512C00595CA0 /* SystemConfiguration.framework */ = {isa = PBXFileReference; lastKnownFileType = wrapper.framework; name = SystemConfiguration.framework; path = System/Library/Frameworks/SystemConfiguration.framework; sourceTree = SDKROOT; };
		6DA172D81B20525300595CA0 /* Sid-InApp-Prefix.pch */ = {isa = PBXFileReference; lastKnownFileType = sourcecode.c.h; path = "Sid-InApp-Prefix.pch"; sourceTree = "<group>"; };
		6DA173001B20592100595CA0 /* bg_depcode.jpg */ = {isa = PBXFileReference; lastKnownFileType = image.jpeg; path = bg_depcode.jpg; sourceTree = "<group>"; };
		6DA173011B20592100595CA0 /* bg_checkin.jpg */ = {isa = PBXFileReference; lastKnownFileType = image.jpeg; path = bg_checkin.jpg; sourceTree = "<group>"; };
		6DA173021B20592100595CA0 /* logoErasmus.png */ = {isa = PBXFileReference; lastKnownFileType = image.png; path = logoErasmus.png; sourceTree = "<group>"; };
		6DA173061B206A8C00595CA0 /* DepartementViewController.h */ = {isa = PBXFileReference; fileEncoding = 4; lastKnownFileType = sourcecode.c.h; path = DepartementViewController.h; sourceTree = "<group>"; };
		6DA173071B206A8C00595CA0 /* DepartementViewController.m */ = {isa = PBXFileReference; fileEncoding = 4; lastKnownFileType = sourcecode.c.objc; path = DepartementViewController.m; sourceTree = "<group>"; };
		6DA173091B20772F00595CA0 /* LoginViewController.h */ = {isa = PBXFileReference; fileEncoding = 4; lastKnownFileType = sourcecode.c.h; path = LoginViewController.h; sourceTree = "<group>"; };
		6DA1730A1B20772F00595CA0 /* LoginViewController.m */ = {isa = PBXFileReference; fileEncoding = 4; lastKnownFileType = sourcecode.c.objc; path = LoginViewController.m; sourceTree = "<group>"; };
		6DA173121B208EFF00595CA0 /* StudentCheckInViewController.h */ = {isa = PBXFileReference; fileEncoding = 4; lastKnownFileType = sourcecode.c.h; path = StudentCheckInViewController.h; sourceTree = "<group>"; };
		6DA173131B208EFF00595CA0 /* StudentCheckInViewController.m */ = {isa = PBXFileReference; fileEncoding = 4; lastKnownFileType = sourcecode.c.objc; path = StudentCheckInViewController.m; sourceTree = "<group>"; };
		6DA173151B208F0D00595CA0 /* StudentFormViewController.h */ = {isa = PBXFileReference; fileEncoding = 4; lastKnownFileType = sourcecode.c.h; path = StudentFormViewController.h; sourceTree = "<group>"; };
		6DA173161B208F0D00595CA0 /* StudentFormViewController.m */ = {isa = PBXFileReference; fileEncoding = 4; lastKnownFileType = sourcecode.c.objc; path = StudentFormViewController.m; sourceTree = "<group>"; };
		6DFC4AB71B204D10009EE68E /* Sid-InApp.app */ = {isa = PBXFileReference; explicitFileType = wrapper.application; includeInIndex = 0; path = "Sid-InApp.app"; sourceTree = BUILT_PRODUCTS_DIR; };
		6DFC4ABB1B204D10009EE68E /* Info.plist */ = {isa = PBXFileReference; lastKnownFileType = text.plist.xml; path = Info.plist; sourceTree = "<group>"; };
		6DFC4ABC1B204D10009EE68E /* main.m */ = {isa = PBXFileReference; lastKnownFileType = sourcecode.c.objc; path = main.m; sourceTree = "<group>"; };
		6DFC4ABE1B204D10009EE68E /* AppDelegate.h */ = {isa = PBXFileReference; lastKnownFileType = sourcecode.c.h; path = AppDelegate.h; sourceTree = "<group>"; };
		6DFC4ABF1B204D10009EE68E /* AppDelegate.m */ = {isa = PBXFileReference; lastKnownFileType = sourcecode.c.objc; path = AppDelegate.m; sourceTree = "<group>"; };
		6DFC4AD01B204D10009EE68E /* Sid-InAppTests.xctest */ = {isa = PBXFileReference; explicitFileType = wrapper.cfbundle; includeInIndex = 0; path = "Sid-InAppTests.xctest"; sourceTree = BUILT_PRODUCTS_DIR; };
		6DFC4AD51B204D10009EE68E /* Info.plist */ = {isa = PBXFileReference; lastKnownFileType = text.plist.xml; path = Info.plist; sourceTree = "<group>"; };
		6DFC4AD61B204D10009EE68E /* Sid_InAppTests.m */ = {isa = PBXFileReference; lastKnownFileType = sourcecode.c.objc; path = Sid_InAppTests.m; sourceTree = "<group>"; };
		6F1E452B1B28388100458A39 /* SchoolTableViewController.h */ = {isa = PBXFileReference; fileEncoding = 4; lastKnownFileType = sourcecode.c.h; path = SchoolTableViewController.h; sourceTree = "<group>"; };
		6F1E452C1B28388100458A39 /* SchoolTableViewController.m */ = {isa = PBXFileReference; fileEncoding = 4; lastKnownFileType = sourcecode.c.objc; path = SchoolTableViewController.m; sourceTree = "<group>"; };
		6F702DDA1B34051C00724ED0 /* LaunchScreen.xib */ = {isa = PBXFileReference; fileEncoding = 4; lastKnownFileType = file.xib; path = LaunchScreen.xib; sourceTree = "<group>"; };
		6F7114BC1B3050A70001EA63 /* MapViewController.h */ = {isa = PBXFileReference; fileEncoding = 4; lastKnownFileType = sourcecode.c.h; path = MapViewController.h; sourceTree = "<group>"; };
		6F7114BD1B3050A70001EA63 /* MapViewController.m */ = {isa = PBXFileReference; fileEncoding = 4; lastKnownFileType = sourcecode.c.objc; path = MapViewController.m; sourceTree = "<group>"; };
		6F7A157D1B26E8E700ED455A /* GTMBAse64.h */ = {isa = PBXFileReference; fileEncoding = 4; lastKnownFileType = sourcecode.c.h; path = GTMBAse64.h; sourceTree = "<group>"; };
		6F7A157E1B26E8E700ED455A /* GTMBAse64.m */ = {isa = PBXFileReference; fileEncoding = 4; lastKnownFileType = sourcecode.c.objc; path = GTMBAse64.m; sourceTree = "<group>"; };
		6F7A157F1B26E8E700ED455A /* GTMDefines.h */ = {isa = PBXFileReference; fileEncoding = 4; lastKnownFileType = sourcecode.c.h; path = GTMDefines.h; sourceTree = "<group>"; };
		6F7A158C1B27097800ED455A /* CarouselViewController.h */ = {isa = PBXFileReference; fileEncoding = 4; lastKnownFileType = sourcecode.c.h; path = CarouselViewController.h; sourceTree = "<group>"; };
		6F7A158D1B27097800ED455A /* CarouselViewController.m */ = {isa = PBXFileReference; fileEncoding = 4; lastKnownFileType = sourcecode.c.objc; path = CarouselViewController.m; sourceTree = "<group>"; };
		6F87DA611B32F6310067640E /* RestEntity.h */ = {isa = PBXFileReference; fileEncoding = 4; lastKnownFileType = sourcecode.c.h; path = RestEntity.h; sourceTree = "<group>"; };
		6F87DA621B32F6310067640E /* RestEntity.m */ = {isa = PBXFileReference; fileEncoding = 4; lastKnownFileType = sourcecode.c.objc; path = RestEntity.m; sourceTree = "<group>"; };
		6F87DA651B32F9280067640E /* AppStart.h */ = {isa = PBXFileReference; fileEncoding = 4; lastKnownFileType = sourcecode.c.h; path = AppStart.h; sourceTree = "<group>"; };
		6F87DA661B32F9280067640E /* AppStart.m */ = {isa = PBXFileReference; fileEncoding = 4; lastKnownFileType = sourcecode.c.objc; path = AppStart.m; sourceTree = "<group>"; };
		6F87DA6B1B32F9280067640E /* ImageVersionEntity.h */ = {isa = PBXFileReference; fileEncoding = 4; lastKnownFileType = sourcecode.c.h; path = ImageVersionEntity.h; sourceTree = "<group>"; };
		6F87DA6C1B32F9280067640E /* ImageVersionEntity.m */ = {isa = PBXFileReference; fileEncoding = 4; lastKnownFileType = sourcecode.c.objc; path = ImageVersionEntity.m; sourceTree = "<group>"; };
		6F87DA751B32FC0D0067640E /* Main.storyboard */ = {isa = PBXFileReference; fileEncoding = 4; lastKnownFileType = file.storyboard; path = Main.storyboard; sourceTree = "<group>"; };
		6F87DA7E1B32FC2F0067640E /* Images.xcassets */ = {isa = PBXFileReference; lastKnownFileType = folder.assetcatalog; path = Images.xcassets; sourceTree = "<group>"; };
		6F87DA8B1B3303CA0067640E /* SubscriptionEntity.h */ = {isa = PBXFileReference; fileEncoding = 4; lastKnownFileType = sourcecode.c.h; path = SubscriptionEntity.h; sourceTree = "<group>"; };
		6F87DA8C1B3303CA0067640E /* SubscriptionEntity.m */ = {isa = PBXFileReference; fileEncoding = 4; lastKnownFileType = sourcecode.c.objc; path = SubscriptionEntity.m; sourceTree = "<group>"; };
/* End PBXFileReference section */

/* Begin PBXFrameworksBuildPhase section */
		6DFC4AB41B204D10009EE68E /* Frameworks */ = {
			isa = PBXFrameworksBuildPhase;
			buildActionMask = 2147483647;
			files = (
				4C22EAD51B3347D4001535BA /* MobileCoreServices.framework in Frameworks */,
				4C22EAD41B3347CE001535BA /* SystemConfiguration.framework in Frameworks */,
				6DA172D31B20512D00595CA0 /* CFNetwork.framework in Frameworks */,
				6DA172D41B20512D00595CA0 /* CoreData.framework in Frameworks */,
				6DA172D61B20512D00595CA0 /* Security.framework in Frameworks */,
				6DA172CD1B2050F400595CA0 /* libRestKit.a in Frameworks */,
			);
			runOnlyForDeploymentPostprocessing = 0;
		};
		6DFC4ACD1B204D10009EE68E /* Frameworks */ = {
			isa = PBXFrameworksBuildPhase;
			buildActionMask = 2147483647;
			files = (
			);
			runOnlyForDeploymentPostprocessing = 0;
		};
/* End PBXFrameworksBuildPhase section */

/* Begin PBXGroup section */
		4C5D9F571B20C85C00443C81 /* utils */ = {
			isa = PBXGroup;
			children = (
				6F7A157D1B26E8E700ED455A /* GTMBAse64.h */,
				6F7A157E1B26E8E700ED455A /* GTMBAse64.m */,
				6F7A157F1B26E8E700ED455A /* GTMDefines.h */,
			);
			name = utils;
			sourceTree = "<group>";
		};
		6D8BB3CF1B2AD75500F550B2 /* services */ = {
			isa = PBXGroup;
			children = (
				6F87DA651B32F9280067640E /* AppStart.h */,
				6F87DA661B32F9280067640E /* AppStart.m */,
				6D8BB3D01B2AD81600F550B2 /* Dao.h */,
				6D8BB3D11B2AD82D00F550B2 /* RestfulStack.h */,
				6D8BB3D21B2AD82D00F550B2 /* RestfulStack.m */,
				6D8BB3D31B2AD82D00F550B2 /* PersistentStack.h */,
				6D8BB3D41B2AD82D00F550B2 /* PersistentStack.m */,
				6D8BB3D51B2AD82D00F550B2 /* SidInUtils.h */,
				6D8BB3D61B2AD82D00F550B2 /* SidInUtils.m */,
				6D8BB3DA1B2AD83700F550B2 /* SynchronizationService.h */,
				6D8BB3DB1B2AD83700F550B2 /* SynchronizationService.m */,
				6D8BB3DC1B2AD83700F550B2 /* PersistentStoreManager.h */,
				6D8BB3DD1B2AD83700F550B2 /* PersistentStoreManager.m */,
				6D8BDC681B31985D009401E6 /* SynchronizationObserver.h */,
			);
			name = services;
			sourceTree = "<group>";
		};
		6D8BB4031B2AD8C000F550B2 /* managed */ = {
			isa = PBXGroup;
			children = (
				6D8BB4291B2ADB3E00F550B2 /* EventEntity.h */,
				6D8BB42A1B2ADB3E00F550B2 /* EventEntity.m */,
				6D8BB3E41B2AD8B800F550B2 /* EventEntityList.h */,
				6D8BB3E51B2AD8B800F550B2 /* EventEntityList.m */,
				6D8BB42C1B2ADB5600F550B2 /* ImageEntity.h */,
				6D8BB42D1B2ADB5600F550B2 /* ImageEntity.m */,
				6D8BB3E81B2AD8B800F550B2 /* ImageEntityList.h */,
				6D8BB3E91B2AD8B800F550B2 /* ImageEntityList.m */,
				6F87DA6B1B32F9280067640E /* ImageVersionEntity.h */,
				6F87DA6C1B32F9280067640E /* ImageVersionEntity.m */,
				6D8BB4351B2ADB5700F550B2 /* InterestsEntity.h */,
				6D8BB4361B2ADB5700F550B2 /* InterestsEntity.m */,
				6F87DA611B32F6310067640E /* RestEntity.h */,
				6F87DA621B32F6310067640E /* RestEntity.m */,
				6D8BB42F1B2ADB5700F550B2 /* SchoolEntity.h */,
				6D8BB4301B2ADB5700F550B2 /* SchoolEntity.m */,
				6D8BB3EE1B2AD8B800F550B2 /* SchoolEntityList.h */,
				6D8BB3EF1B2AD8B800F550B2 /* SchoolEntityList.m */,
				6F87DA8B1B3303CA0067640E /* SubscriptionEntity.h */,
				6F87DA8C1B3303CA0067640E /* SubscriptionEntity.m */,
				6D8BB4381B2AE31E00F550B2 /* SubscriptionEntityList.h */,
				6D8BB4391B2AE31E00F550B2 /* SubscriptionEntityList.m */,
				6D8BB4321B2ADB5700F550B2 /* TeacherEntity.h */,
				6D8BB4331B2ADB5700F550B2 /* TeacherEntity.m */,
				6D8BB3F41B2AD8B800F550B2 /* TeacherEntityList.h */,
				6D8BB3F51B2AD8B800F550B2 /* TeacherEntityList.m */,
			);
			name = managed;
			sourceTree = "<group>";
		};
		6D8BB4251B2AD8DE00F550B2 /* unmanaged */ = {
			isa = PBXGroup;
			children = (
				6D8BB4041B2AD8D900F550B2 /* Event.h */,
				6D8BB4051B2AD8D900F550B2 /* Event.m */,
				6D8BB4061B2AD8D900F550B2 /* EventList.h */,
				6D8BB4071B2AD8D900F550B2 /* EventList.m */,
				6D8BB4081B2AD8D900F550B2 /* Image.h */,
				6D8BB4091B2AD8D900F550B2 /* Image.m */,
				6D8BB40A1B2AD8D900F550B2 /* ImageList.h */,
				6D8BB40B1B2AD8D900F550B2 /* ImageList.m */,
				6D8BB40C1B2AD8D900F550B2 /* Interests.h */,
				6D8BB40D1B2AD8D900F550B2 /* Interests.m */,
				6D8BB40E1B2AD8D900F550B2 /* School.h */,
				6D8BB40F1B2AD8D900F550B2 /* School.m */,
				6D8BB4101B2AD8D900F550B2 /* SchoolList.h */,
				6D8BB4111B2AD8D900F550B2 /* SchoolList.m */,
				6D8BB4121B2AD8D900F550B2 /* Subscription.h */,
				6D8BB4131B2AD8D900F550B2 /* Subscription.m */,
				6D8BB4141B2AD8D900F550B2 /* SubscriptionList.h */,
				6D8BB4151B2AD8D900F550B2 /* SubscriptionList.m */,
				6D8BB4161B2AD8D900F550B2 /* Teacher.h */,
				6D8BB4171B2AD8D900F550B2 /* Teacher.m */,
				6D8BB4181B2AD8D900F550B2 /* TeacherList.h */,
				6D8BB4191B2AD8D900F550B2 /* TeacherList.m */,
			);
			name = unmanaged;
			sourceTree = "<group>";
		};
		6DA172BD1B204FEE00595CA0 /* Products */ = {
			isa = PBXGroup;
			children = (
				6DA172C41B204FEE00595CA0 /* libRestKit.a */,
				6DA172C61B204FEE00595CA0 /* RestKitTests.xctest */,
				6DA172C81B204FEE00595CA0 /* RestKit.framework */,
				6DA172CA1B204FEE00595CA0 /* RestKitFrameworkTests.xctest */,
			);
			name = Products;
			sourceTree = "<group>";
		};
		6DA172FF1B20590B00595CA0 /* images */ = {
			isa = PBXGroup;
			children = (
				6DA173001B20592100595CA0 /* bg_depcode.jpg */,
				6DA173011B20592100595CA0 /* bg_checkin.jpg */,
				6DA173021B20592100595CA0 /* logoErasmus.png */,
			);
			name = images;
			sourceTree = "<group>";
		};
		6DFC4AAE1B204D10009EE68E = {
			isa = PBXGroup;
			children = (
				6DA172CE1B20512C00595CA0 /* CFNetwork.framework */,
				6DA172CF1B20512C00595CA0 /* CoreData.framework */,
				6DA172D01B20512C00595CA0 /* MobileCoreServices.framework */,
				6DA172D11B20512C00595CA0 /* Security.framework */,
				6DA172D21B20512C00595CA0 /* SystemConfiguration.framework */,
				6DA172BC1B204FEE00595CA0 /* RestKit.xcodeproj */,
				6DFC4AB91B204D10009EE68E /* Sid-InApp */,
				6DFC4AD31B204D10009EE68E /* Sid-InAppTests */,
				6DFC4AB81B204D10009EE68E /* Products */,
			);
			sourceTree = "<group>";
		};
		6DFC4AB81B204D10009EE68E /* Products */ = {
			isa = PBXGroup;
			children = (
				6DFC4AB71B204D10009EE68E /* Sid-InApp.app */,
				6DFC4AD01B204D10009EE68E /* Sid-InAppTests.xctest */,
			);
			name = Products;
			sourceTree = "<group>";
		};
		6DFC4AB91B204D10009EE68E /* Sid-InApp */ = {
			isa = PBXGroup;
			children = (
				6D8BB3CF1B2AD75500F550B2 /* services */,
				4C5D9F571B20C85C00443C81 /* utils */,
				6DFC4AE41B204DEF009EE68E /* resource */,
				6DFC4AE31B204DCC009EE68E /* view */,
				6DFC4AE21B204DB5009EE68E /* controller */,
				6DFC4AE11B204DB2009EE68E /* model */,
				6DFC4AE01B204DAE009EE68E /* appStart */,
				6DFC4ABA1B204D10009EE68E /* Supporting Files */,
			);
			path = "Sid-InApp";
			sourceTree = "<group>";
		};
		6DFC4ABA1B204D10009EE68E /* Supporting Files */ = {
			isa = PBXGroup;
			children = (
				6DA172D81B20525300595CA0 /* Sid-InApp-Prefix.pch */,
				6DFC4ABB1B204D10009EE68E /* Info.plist */,
				6DFC4ABC1B204D10009EE68E /* main.m */,
			);
			name = "Supporting Files";
			sourceTree = "<group>";
		};
		6DFC4AD31B204D10009EE68E /* Sid-InAppTests */ = {
			isa = PBXGroup;
			children = (
				6DFC4AD61B204D10009EE68E /* Sid_InAppTests.m */,
				6DFC4AD41B204D10009EE68E /* Supporting Files */,
			);
			path = "Sid-InAppTests";
			sourceTree = "<group>";
		};
		6DFC4AD41B204D10009EE68E /* Supporting Files */ = {
			isa = PBXGroup;
			children = (
				6DFC4AD51B204D10009EE68E /* Info.plist */,
			);
			name = "Supporting Files";
			sourceTree = "<group>";
		};
		6DFC4AE01B204DAE009EE68E /* appStart */ = {
			isa = PBXGroup;
			children = (
				6DFC4ABE1B204D10009EE68E /* AppDelegate.h */,
				6DFC4ABF1B204D10009EE68E /* AppDelegate.m */,
			);
			name = appStart;
			sourceTree = "<group>";
		};
		6DFC4AE11B204DB2009EE68E /* model */ = {
			isa = PBXGroup;
			children = (
				6D8BB3E01B2AD85F00F550B2 /* ModelMapping.h */,
				6D8BB4251B2AD8DE00F550B2 /* unmanaged */,
				6D8BB4031B2AD8C000F550B2 /* managed */,
				6D8BB4261B2AD8EF00F550B2 /* Sid-InApp.xcdatamodeld */,
			);
			name = model;
			sourceTree = "<group>";
		};
		6DFC4AE21B204DB5009EE68E /* controller */ = {
			isa = PBXGroup;
			children = (
				6DA173061B206A8C00595CA0 /* DepartementViewController.h */,
				6DA173071B206A8C00595CA0 /* DepartementViewController.m */,
				6DA173091B20772F00595CA0 /* LoginViewController.h */,
				6DA1730A1B20772F00595CA0 /* LoginViewController.m */,
				6DA173121B208EFF00595CA0 /* StudentCheckInViewController.h */,
				6DA173131B208EFF00595CA0 /* StudentCheckInViewController.m */,
				6DA173151B208F0D00595CA0 /* StudentFormViewController.h */,
				6DA173161B208F0D00595CA0 /* StudentFormViewController.m */,
				6F7A158C1B27097800ED455A /* CarouselViewController.h */,
				6F7A158D1B27097800ED455A /* CarouselViewController.m */,
				6F1E452B1B28388100458A39 /* SchoolTableViewController.h */,
				6F1E452C1B28388100458A39 /* SchoolTableViewController.m */,
				6F7114BC1B3050A70001EA63 /* MapViewController.h */,
				6F7114BD1B3050A70001EA63 /* MapViewController.m */,
			);
			name = controller;
			sourceTree = "<group>";
		};
		6DFC4AE31B204DCC009EE68E /* view */ = {
			isa = PBXGroup;
			children = (
				6F87DA751B32FC0D0067640E /* Main.storyboard */,
				6F702DDA1B34051C00724ED0 /* LaunchScreen.xib */,
			);
			name = view;
			sourceTree = "<group>";
		};
		6DFC4AE41B204DEF009EE68E /* resource */ = {
			isa = PBXGroup;
			children = (
				6F87DA7E1B32FC2F0067640E /* Images.xcassets */,
				6DA172FF1B20590B00595CA0 /* images */,
			);
			name = resource;
			sourceTree = "<group>";
		};
/* End PBXGroup section */

/* Begin PBXNativeTarget section */
		6DFC4AB61B204D10009EE68E /* Sid-InApp */ = {
			isa = PBXNativeTarget;
			buildConfigurationList = 6DFC4ADA1B204D10009EE68E /* Build configuration list for PBXNativeTarget "Sid-InApp" */;
			buildPhases = (
				6DFC4AB31B204D10009EE68E /* Sources */,
				6DFC4AB41B204D10009EE68E /* Frameworks */,
				6DFC4AB51B204D10009EE68E /* Resources */,
			);
			buildRules = (
			);
			dependencies = (
				6DA172CC1B2050B900595CA0 /* PBXTargetDependency */,
			);
			name = "Sid-InApp";
			productName = "Sid-InApp";
			productReference = 6DFC4AB71B204D10009EE68E /* Sid-InApp.app */;
			productType = "com.apple.product-type.application";
		};
		6DFC4ACF1B204D10009EE68E /* Sid-InAppTests */ = {
			isa = PBXNativeTarget;
			buildConfigurationList = 6DFC4ADD1B204D10009EE68E /* Build configuration list for PBXNativeTarget "Sid-InAppTests" */;
			buildPhases = (
				6DFC4ACC1B204D10009EE68E /* Sources */,
				6DFC4ACD1B204D10009EE68E /* Frameworks */,
				6DFC4ACE1B204D10009EE68E /* Resources */,
			);
			buildRules = (
			);
			dependencies = (
				6DFC4AD21B204D10009EE68E /* PBXTargetDependency */,
			);
			name = "Sid-InAppTests";
			productName = "Sid-InAppTests";
			productReference = 6DFC4AD01B204D10009EE68E /* Sid-InAppTests.xctest */;
			productType = "com.apple.product-type.bundle.unit-test";
		};
/* End PBXNativeTarget section */

/* Begin PBXProject section */
		6DFC4AAF1B204D10009EE68E /* Project object */ = {
			isa = PBXProject;
			attributes = {
				LastUpgradeCheck = 0630;
				ORGANIZATIONNAME = Ehb.be;
				TargetAttributes = {
					6DFC4AB61B204D10009EE68E = {
						CreatedOnToolsVersion = 6.3;
						DevelopmentTeam = YH5Q937JE3;
					};
					6DFC4ACF1B204D10009EE68E = {
						CreatedOnToolsVersion = 6.3;
						TestTargetID = 6DFC4AB61B204D10009EE68E;
					};
				};
			};
			buildConfigurationList = 6DFC4AB21B204D10009EE68E /* Build configuration list for PBXProject "Sid-InApp" */;
			compatibilityVersion = "Xcode 3.2";
			developmentRegion = English;
			hasScannedForEncodings = 0;
			knownRegions = (
				en,
				Base,
			);
			mainGroup = 6DFC4AAE1B204D10009EE68E;
			productRefGroup = 6DFC4AB81B204D10009EE68E /* Products */;
			projectDirPath = "";
			projectReferences = (
				{
					ProductGroup = 6DA172BD1B204FEE00595CA0 /* Products */;
					ProjectRef = 6DA172BC1B204FEE00595CA0 /* RestKit.xcodeproj */;
				},
			);
			projectRoot = "";
			targets = (
				6DFC4AB61B204D10009EE68E /* Sid-InApp */,
				6DFC4ACF1B204D10009EE68E /* Sid-InAppTests */,
			);
		};
/* End PBXProject section */

/* Begin PBXReferenceProxy section */
		6DA172C41B204FEE00595CA0 /* libRestKit.a */ = {
			isa = PBXReferenceProxy;
			fileType = archive.ar;
			path = libRestKit.a;
			remoteRef = 6DA172C31B204FEE00595CA0 /* PBXContainerItemProxy */;
			sourceTree = BUILT_PRODUCTS_DIR;
		};
		6DA172C61B204FEE00595CA0 /* RestKitTests.xctest */ = {
			isa = PBXReferenceProxy;
			fileType = wrapper.cfbundle;
			path = RestKitTests.xctest;
			remoteRef = 6DA172C51B204FEE00595CA0 /* PBXContainerItemProxy */;
			sourceTree = BUILT_PRODUCTS_DIR;
		};
		6DA172C81B204FEE00595CA0 /* RestKit.framework */ = {
			isa = PBXReferenceProxy;
			fileType = wrapper.framework;
			path = RestKit.framework;
			remoteRef = 6DA172C71B204FEE00595CA0 /* PBXContainerItemProxy */;
			sourceTree = BUILT_PRODUCTS_DIR;
		};
		6DA172CA1B204FEE00595CA0 /* RestKitFrameworkTests.xctest */ = {
			isa = PBXReferenceProxy;
			fileType = wrapper.cfbundle;
			path = RestKitFrameworkTests.xctest;
			remoteRef = 6DA172C91B204FEE00595CA0 /* PBXContainerItemProxy */;
			sourceTree = BUILT_PRODUCTS_DIR;
		};
/* End PBXReferenceProxy section */

/* Begin PBXResourcesBuildPhase section */
		6DFC4AB51B204D10009EE68E /* Resources */ = {
			isa = PBXResourcesBuildPhase;
			buildActionMask = 2147483647;
			files = (
				6DA173031B20592100595CA0 /* bg_depcode.jpg in Resources */,
				6F87DA781B32FC0D0067640E /* Main.storyboard in Resources */,
				6F87DA7F1B32FC2F0067640E /* Images.xcassets in Resources */,
				6F702DDB1B34051C00724ED0 /* LaunchScreen.xib in Resources */,
				6DA173041B20592100595CA0 /* bg_checkin.jpg in Resources */,
				6DA173051B20592100595CA0 /* logoErasmus.png in Resources */,
			);
			runOnlyForDeploymentPostprocessing = 0;
		};
		6DFC4ACE1B204D10009EE68E /* Resources */ = {
			isa = PBXResourcesBuildPhase;
			buildActionMask = 2147483647;
			files = (
			);
			runOnlyForDeploymentPostprocessing = 0;
		};
/* End PBXResourcesBuildPhase section */

/* Begin PBXSourcesBuildPhase section */
		6DFC4AB31B204D10009EE68E /* Sources */ = {
			isa = PBXSourcesBuildPhase;
			buildActionMask = 2147483647;
			files = (
				6D8BB41B1B2AD8D900F550B2 /* EventList.m in Sources */,
				6F87DA6D1B32F9280067640E /* AppStart.m in Sources */,
				6D8BB41D1B2AD8D900F550B2 /* ImageList.m in Sources */,
				6D8BB41C1B2AD8D900F550B2 /* Image.m in Sources */,
				6D8BB3F91B2AD8B800F550B2 /* EventEntityList.m in Sources */,
				6D8BB4011B2AD8B800F550B2 /* TeacherEntityList.m in Sources */,
				6D8BB41A1B2AD8D900F550B2 /* Event.m in Sources */,
				6F87DA8D1B3303CA0067640E /* SubscriptionEntity.m in Sources */,
				6F87DA631B32F6310067640E /* RestEntity.m in Sources */,
				6D8BB3FE1B2AD8B800F550B2 /* SchoolEntityList.m in Sources */,
				6D8BB3DF1B2AD83800F550B2 /* PersistentStoreManager.m in Sources */,
				6D8BB42E1B2ADB5600F550B2 /* ImageEntity.m in Sources */,
				6D8BB41F1B2AD8D900F550B2 /* School.m in Sources */,
				6DA173081B206A8C00595CA0 /* DepartementViewController.m in Sources */,
				6D8BB4311B2ADB5700F550B2 /* SchoolEntity.m in Sources */,
				6F7A15801B26E8E700ED455A /* GTMBAse64.m in Sources */,
				6D8BB43A1B2AE31E00F550B2 /* SubscriptionEntityList.m in Sources */,
				6D8BB4211B2AD8D900F550B2 /* Subscription.m in Sources */,
				6D8BB41E1B2AD8D900F550B2 /* Interests.m in Sources */,
				6D8BB4341B2ADB5700F550B2 /* TeacherEntity.m in Sources */,
				6D8BB4201B2AD8D900F550B2 /* SchoolList.m in Sources */,
				6DA173141B208EFF00595CA0 /* StudentCheckInViewController.m in Sources */,
				6D8BB3D81B2AD82D00F550B2 /* PersistentStack.m in Sources */,
				6D8BB3DE1B2AD83800F550B2 /* SynchronizationService.m in Sources */,
				6D8BB3FB1B2AD8B800F550B2 /* ImageEntityList.m in Sources */,
				6D8BB3D71B2AD82D00F550B2 /* RestfulStack.m in Sources */,
				6F87DA701B32F9280067640E /* ImageVersionEntity.m in Sources */,
				6D8BB4371B2ADB5700F550B2 /* InterestsEntity.m in Sources */,
				6D8BB42B1B2ADB3E00F550B2 /* EventEntity.m in Sources */,
				6F7114BE1B3050A70001EA63 /* MapViewController.m in Sources */,
				6D8BB4281B2AD8EF00F550B2 /* Sid-InApp.xcdatamodeld in Sources */,
				6D8BB4231B2AD8D900F550B2 /* Teacher.m in Sources */,
				6F7A158E1B27097800ED455A /* CarouselViewController.m in Sources */,
				6F1E452D1B28388100458A39 /* SchoolTableViewController.m in Sources */,
				6DA1730B1B20772F00595CA0 /* LoginViewController.m in Sources */,
				6DFC4AC01B204D10009EE68E /* AppDelegate.m in Sources */,
				6D8BB4221B2AD8D900F550B2 /* SubscriptionList.m in Sources */,
				6D8BB4241B2AD8D900F550B2 /* TeacherList.m in Sources */,
				6D8BB3D91B2AD82D00F550B2 /* SidInUtils.m in Sources */,
				6DA173171B208F0D00595CA0 /* StudentFormViewController.m in Sources */,
				6DFC4ABD1B204D10009EE68E /* main.m in Sources */,
			);
			runOnlyForDeploymentPostprocessing = 0;
		};
		6DFC4ACC1B204D10009EE68E /* Sources */ = {
			isa = PBXSourcesBuildPhase;
			buildActionMask = 2147483647;
			files = (
				6DFC4AD71B204D10009EE68E /* Sid_InAppTests.m in Sources */,
			);
			runOnlyForDeploymentPostprocessing = 0;
		};
/* End PBXSourcesBuildPhase section */

/* Begin PBXTargetDependency section */
		6DA172CC1B2050B900595CA0 /* PBXTargetDependency */ = {
			isa = PBXTargetDependency;
			name = RestKit;
			targetProxy = 6DA172CB1B2050B900595CA0 /* PBXContainerItemProxy */;
		};
		6DFC4AD21B204D10009EE68E /* PBXTargetDependency */ = {
			isa = PBXTargetDependency;
			target = 6DFC4AB61B204D10009EE68E /* Sid-InApp */;
			targetProxy = 6DFC4AD11B204D10009EE68E /* PBXContainerItemProxy */;
		};
/* End PBXTargetDependency section */

/* Begin XCBuildConfiguration section */
		6DFC4AD81B204D10009EE68E /* Debug */ = {
			isa = XCBuildConfiguration;
			buildSettings = {
				ALWAYS_SEARCH_USER_PATHS = NO;
				CLANG_CXX_LANGUAGE_STANDARD = "gnu++0x";
				CLANG_CXX_LIBRARY = "libc++";
				CLANG_ENABLE_MODULES = YES;
				CLANG_ENABLE_OBJC_ARC = YES;
				CLANG_WARN_BOOL_CONVERSION = YES;
				CLANG_WARN_CONSTANT_CONVERSION = YES;
				CLANG_WARN_DIRECT_OBJC_ISA_USAGE = YES_ERROR;
				CLANG_WARN_EMPTY_BODY = YES;
				CLANG_WARN_ENUM_CONVERSION = YES;
				CLANG_WARN_INT_CONVERSION = YES;
				CLANG_WARN_OBJC_ROOT_CLASS = YES_ERROR;
				CLANG_WARN_UNREACHABLE_CODE = YES;
				CLANG_WARN__DUPLICATE_METHOD_MATCH = YES;
				CODE_SIGN_IDENTITY = "iPhone Developer: Robrecht Mathys (FKAB9LP6JM)";
				"CODE_SIGN_IDENTITY[sdk=iphoneos*]" = "iPhone Developer";
				COPY_PHASE_STRIP = NO;
				DEBUG_INFORMATION_FORMAT = "dwarf-with-dsym";
				ENABLE_STRICT_OBJC_MSGSEND = YES;
				GCC_C_LANGUAGE_STANDARD = gnu99;
				GCC_DYNAMIC_NO_PIC = NO;
				GCC_NO_COMMON_BLOCKS = YES;
				GCC_OPTIMIZATION_LEVEL = 0;
				GCC_PREPROCESSOR_DEFINITIONS = (
					"DEBUG=1",
					"$(inherited)",
				);
				GCC_SYMBOLS_PRIVATE_EXTERN = NO;
				GCC_WARN_64_TO_32_BIT_CONVERSION = YES;
				GCC_WARN_ABOUT_RETURN_TYPE = YES_ERROR;
				GCC_WARN_UNDECLARED_SELECTOR = YES;
				GCC_WARN_UNINITIALIZED_AUTOS = YES_AGGRESSIVE;
				GCC_WARN_UNUSED_FUNCTION = YES;
				GCC_WARN_UNUSED_VARIABLE = YES;
				IPHONEOS_DEPLOYMENT_TARGET = 8.3;
				MTL_ENABLE_DEBUG_INFO = YES;
				ONLY_ACTIVE_ARCH = YES;
				SDKROOT = iphoneos;
				TARGETED_DEVICE_FAMILY = 2;
			};
			name = Debug;
		};
		6DFC4AD91B204D10009EE68E /* Release */ = {
			isa = XCBuildConfiguration;
			buildSettings = {
				ALWAYS_SEARCH_USER_PATHS = NO;
				CLANG_CXX_LANGUAGE_STANDARD = "gnu++0x";
				CLANG_CXX_LIBRARY = "libc++";
				CLANG_ENABLE_MODULES = YES;
				CLANG_ENABLE_OBJC_ARC = YES;
				CLANG_WARN_BOOL_CONVERSION = YES;
				CLANG_WARN_CONSTANT_CONVERSION = YES;
				CLANG_WARN_DIRECT_OBJC_ISA_USAGE = YES_ERROR;
				CLANG_WARN_EMPTY_BODY = YES;
				CLANG_WARN_ENUM_CONVERSION = YES;
				CLANG_WARN_INT_CONVERSION = YES;
				CLANG_WARN_OBJC_ROOT_CLASS = YES_ERROR;
				CLANG_WARN_UNREACHABLE_CODE = YES;
				CLANG_WARN__DUPLICATE_METHOD_MATCH = YES;
				CODE_SIGN_IDENTITY = "iPhone Developer: Robrecht Mathys (FKAB9LP6JM)";
				"CODE_SIGN_IDENTITY[sdk=iphoneos*]" = "iPhone Developer";
				COPY_PHASE_STRIP = NO;
				DEBUG_INFORMATION_FORMAT = "dwarf-with-dsym";
				ENABLE_NS_ASSERTIONS = NO;
				ENABLE_STRICT_OBJC_MSGSEND = YES;
				GCC_C_LANGUAGE_STANDARD = gnu99;
				GCC_NO_COMMON_BLOCKS = YES;
				GCC_WARN_64_TO_32_BIT_CONVERSION = YES;
				GCC_WARN_ABOUT_RETURN_TYPE = YES_ERROR;
				GCC_WARN_UNDECLARED_SELECTOR = YES;
				GCC_WARN_UNINITIALIZED_AUTOS = YES_AGGRESSIVE;
				GCC_WARN_UNUSED_FUNCTION = YES;
				GCC_WARN_UNUSED_VARIABLE = YES;
				IPHONEOS_DEPLOYMENT_TARGET = 8.3;
				MTL_ENABLE_DEBUG_INFO = NO;
				SDKROOT = iphoneos;
				TARGETED_DEVICE_FAMILY = 2;
				VALIDATE_PRODUCT = YES;
			};
			name = Release;
		};
		6DFC4ADB1B204D10009EE68E /* Debug */ = {
			isa = XCBuildConfiguration;
			buildSettings = {
				ASSETCATALOG_COMPILER_APPICON_NAME = AppIcon;
				CODE_SIGN_IDENTITY = "iPhone Developer";
				"CODE_SIGN_IDENTITY[sdk=iphoneos*]" = "iPhone Developer";
				GCC_PREFIX_HEADER = "Sid-InApp/Sid-InApp-Prefix.pch";
				HEADER_SEARCH_PATHS = (
					"$(inherited)",
					/Applications/Xcode.app/Contents/Developer/Toolchains/XcodeDefault.xctoolchain/usr/include,
					"\"$(BUILT_PRODUCTS_DIR)/../../Headers\"",
				);
				INFOPLIST_FILE = "Sid-InApp/Info.plist";
				IPHONEOS_DEPLOYMENT_TARGET = 8.2;
				LD_RUNPATH_SEARCH_PATHS = "$(inherited) @executable_path/Frameworks";
				MOMC_NO_INVERSE_RELATIONSHIP_WARNINGS = YES;
				OTHER_LDFLAGS = "-ObjC";
				PRODUCT_NAME = "$(TARGET_NAME)";
				PROVISIONING_PROFILE = "";
				VALID_ARCHS = "arm64 armv7 armv7s";
			};
			name = Debug;
		};
		6DFC4ADC1B204D10009EE68E /* Release */ = {
			isa = XCBuildConfiguration;
			buildSettings = {
				ASSETCATALOG_COMPILER_APPICON_NAME = AppIcon;
				CODE_SIGN_IDENTITY = "iPhone Developer";
				"CODE_SIGN_IDENTITY[sdk=iphoneos*]" = "iPhone Developer";
				GCC_PREFIX_HEADER = "Sid-InApp/Sid-InApp-Prefix.pch";
				HEADER_SEARCH_PATHS = (
					"$(inherited)",
					/Applications/Xcode.app/Contents/Developer/Toolchains/XcodeDefault.xctoolchain/usr/include,
					"\"$(BUILT_PRODUCTS_DIR)/../../Headers\"",
				);
				INFOPLIST_FILE = "Sid-InApp/Info.plist";
				IPHONEOS_DEPLOYMENT_TARGET = 8.2;
				LD_RUNPATH_SEARCH_PATHS = "$(inherited) @executable_path/Frameworks";
				MOMC_NO_INVERSE_RELATIONSHIP_WARNINGS = YES;
				OTHER_LDFLAGS = "-ObjC";
				PRODUCT_NAME = "$(TARGET_NAME)";
				PROVISIONING_PROFILE = "";
				VALID_ARCHS = "arm64 armv7 armv7s";
			};
			name = Release;
		};
		6DFC4ADE1B204D10009EE68E /* Debug */ = {
			isa = XCBuildConfiguration;
			buildSettings = {
				BUNDLE_LOADER = "$(TEST_HOST)";
				FRAMEWORK_SEARCH_PATHS = (
					"$(SDKROOT)/Developer/Library/Frameworks",
					"$(inherited)",
				);
				GCC_PREPROCESSOR_DEFINITIONS = (
					"DEBUG=1",
					"$(inherited)",
				);
				INFOPLIST_FILE = "Sid-InAppTests/Info.plist";
				LD_RUNPATH_SEARCH_PATHS = "$(inherited) @executable_path/Frameworks @loader_path/Frameworks";
				PRODUCT_NAME = "$(TARGET_NAME)";
				TEST_HOST = "$(BUILT_PRODUCTS_DIR)/Sid-InApp.app/Sid-InApp";
			};
			name = Debug;
		};
		6DFC4ADF1B204D10009EE68E /* Release */ = {
			isa = XCBuildConfiguration;
			buildSettings = {
				BUNDLE_LOADER = "$(TEST_HOST)";
				FRAMEWORK_SEARCH_PATHS = (
					"$(SDKROOT)/Developer/Library/Frameworks",
					"$(inherited)",
				);
				INFOPLIST_FILE = "Sid-InAppTests/Info.plist";
				LD_RUNPATH_SEARCH_PATHS = "$(inherited) @executable_path/Frameworks @loader_path/Frameworks";
				PRODUCT_NAME = "$(TARGET_NAME)";
				TEST_HOST = "$(BUILT_PRODUCTS_DIR)/Sid-InApp.app/Sid-InApp";
			};
			name = Release;
		};
/* End XCBuildConfiguration section */

/* Begin XCConfigurationList section */
		6DFC4AB21B204D10009EE68E /* Build configuration list for PBXProject "Sid-InApp" */ = {
			isa = XCConfigurationList;
			buildConfigurations = (
				6DFC4AD81B204D10009EE68E /* Debug */,
				6DFC4AD91B204D10009EE68E /* Release */,
			);
			defaultConfigurationIsVisible = 0;
			defaultConfigurationName = Release;
		};
		6DFC4ADA1B204D10009EE68E /* Build configuration list for PBXNativeTarget "Sid-InApp" */ = {
			isa = XCConfigurationList;
			buildConfigurations = (
				6DFC4ADB1B204D10009EE68E /* Debug */,
				6DFC4ADC1B204D10009EE68E /* Release */,
			);
			defaultConfigurationIsVisible = 0;
			defaultConfigurationName = Release;
		};
		6DFC4ADD1B204D10009EE68E /* Build configuration list for PBXNativeTarget "Sid-InAppTests" */ = {
			isa = XCConfigurationList;
			buildConfigurations = (
				6DFC4ADE1B204D10009EE68E /* Debug */,
				6DFC4ADF1B204D10009EE68E /* Release */,
			);
			defaultConfigurationIsVisible = 0;
			defaultConfigurationName = Release;
		};
/* End XCConfigurationList section */

/* Begin XCVersionGroup section */
		6D8BB4261B2AD8EF00F550B2 /* Sid-InApp.xcdatamodeld */ = {
			isa = XCVersionGroup;
			children = (
				6D8BB4271B2AD8EF00F550B2 /* Sid-InApp.xcdatamodel */,
			);
			currentVersion = 6D8BB4271B2AD8EF00F550B2 /* Sid-InApp.xcdatamodel */;
			path = "Sid-InApp.xcdatamodeld";
			sourceTree = "<group>";
			versionGroupType = wrapper.xcdatamodel;
		};
/* End XCVersionGroup section */
	};
	rootObject = 6DFC4AAF1B204D10009EE68E /* Project object */;
}
